{"version":4,"terraform_version":"1.11.1","serial":16,"lineage":"b00f6f27-9a64-4225-d502-4c7b93fe9eab","outputs":{"gke_connect_command":{"value":"gcloud container clusters get-credentials gke-cluster-dev --region us-central1 --project project-4530f220-dbfa-40df-8f5","type":"string"}},"resources":[{"mode":"managed","type":"google_container_cluster","name":"this","provider":"provider[\"registry.opentofu.org/hashicorp/google\"]","instances":[{"schema_version":2,"attributes":{"addons_config":[{"cloudrun_config":[],"config_connector_config":[],"dns_cache_config":[],"gce_persistent_disk_csi_driver_config":[{"enabled":true}],"gcp_filestore_csi_driver_config":[],"gcs_fuse_csi_driver_config":[],"gke_backup_agent_config":[],"horizontal_pod_autoscaling":[],"http_load_balancing":[],"network_policy_config":[{"disabled":true}],"ray_operator_config":[],"stateful_ha_config":[]}],"allow_net_admin":null,"authenticator_groups_config":[],"binary_authorization":[{"enabled":false,"evaluation_mode":""}],"cluster_autoscaling":[{"auto_provisioning_defaults":[],"auto_provisioning_locations":[],"autoscaling_profile":"BALANCED","enabled":false,"resource_limits":[]}],"cluster_ipv4_cidr":"10.124.0.0/14","confidential_nodes":[],"cost_management_config":[],"database_encryption":[{"key_name":"","state":"DECRYPTED"}],"datapath_provider":"","default_max_pods_per_node":110,"default_snat_status":[{"disabled":false}],"deletion_protection":false,"description":"","dns_config":[],"enable_autopilot":false,"enable_cilium_clusterwide_network_policy":false,"enable_intranode_visibility":false,"enable_k8s_beta_apis":[],"enable_kubernetes_alpha":false,"enable_l4_ilb_subsetting":false,"enable_legacy_abac":false,"enable_multi_networking":false,"enable_shielded_nodes":true,"enable_tpu":false,"endpoint":"34.59.42.205","fleet":[],"gateway_api_config":[],"id":"projects/project-4530f220-dbfa-40df-8f5/locations/us-central1/clusters/gke-cluster-dev","identity_service_config":[],"initial_node_count":1,"ip_allocation_policy":[{"additional_pod_ranges_config":[],"cluster_ipv4_cidr_block":"10.124.0.0/14","cluster_secondary_range_name":"gke-gke-cluster-dev-pods-1885a18c","pod_cidr_overprovision_config":[{"disabled":false}],"services_ipv4_cidr_block":"34.118.224.0/20","services_secondary_range_name":"","stack_type":"IPV4"}],"label_fingerprint":"a9dc16a7","location":"us-central1","logging_config":[{"enable_components":["SYSTEM_COMPONENTS","WORKLOADS"]}],"logging_service":"logging.googleapis.com/kubernetes","maintenance_policy":[],"master_auth":[{"client_certificate":"","client_certificate_config":[{"issue_client_certificate":false}],"client_key":"","cluster_ca_certificate":"LS0tLS1CRUdJTiBDRVJUSUZJQ0FURS0tLS0tCk1JSUVMRENDQXBTZ0F3SUJBZ0lRSnc2SFhRTGpPYWVjaG9GbDEzSEpJREFOQmdrcWhraUc5dzBCQVFzRkFEQXYKTVMwd0t3WURWUVFERXlReFpqWTBNV1kwWWkwelptRTJMVFJsTmpjdE9ERmxZeTAwTWpFMVltVXpOR1EwWm1FdwpJQmNOTWpVeE1qRTJNRGt4TlRJM1doZ1BNakExTlRFeU1Ea3hNREUxTWpkYU1DOHhMVEFyQmdOVkJBTVRKREZtCk5qUXhaalJpTFRObVlUWXROR1UyTnkwNE1XVmpMVFF5TVRWaVpUTTBaRFJtWVRDQ0FhSXdEUVlKS29aSWh2Y04KQVFFQkJRQURnZ0dQQURDQ0FZb0NnZ0dCQUxTeFZ5bUR5MDdMMWRONWl4SU8yZ2I4OEdCSHkrY2FnQnJnaFRodApWQXVIUmd2bG9wNmQzNzc0cWlkQXQ4dXVkaWhmNnZjaXJkOUdnSlprMFhGRmltN3o3NnhnOWRBTjE2ZzJXUjhWCnpzbEJBQUxBYXppTUt2V2tyalgvZjlnSTBZclBJbHVNMG1Vb0hjT0RKOVU0cTd4WWNBK2tYdEM0WC9zTDFaNmMKMkFleUFnMlY3M2srdHFaMTQ0d2kxWnJaYnEyQkU4anUrUFhwdGFjMVBqazl3eUV1eW85K2pIQWM5WTZuK1ozeApEWnJPeHpPOWUzRTdTWEhTUSt5MS81U0ZycTZaVUp0R3V5WWtUVGRzV0dIT2pWcjdpSHhiYVJqWFZ0T3plZjBJCjZ3WFVqSDJCVmJrVkp4V3ZtN0Y2eWhaMGNGZnZxOVdEME9mTXR3UVBobS9Ca1FuNG1lZE92Z3AxM3JUTTVIckYKWHAxb01oSWhuUzNSME5OeG1rKzl1MXA1SGtOeVJsVkJ5d01YTm9Oa1lzUFlNb3h4VzhYTkdJYi9raUNNblpmMQpUNGlkOC9xVTAzdmFGTDJoeDZ4R2Fla284UkhFeFdraHNQaTVUUnc3VmlGejEyNWpjMFFBOGlvYVZTMlpORzlBCkloL0xtVTNuSW9Tc1Jnai9sdnBvY3BOWU5RSURBUUFCbzBJd1FEQU9CZ05WSFE4QkFmOEVCQU1DQWdRd0R3WUQKVlIwVEFRSC9CQVV3QXdFQi96QWRCZ05WSFE0RUZnUVVFUnpTSjNGQ0VGZDNHWU4xeXA3Qy96MlpFdjB3RFFZSgpLb1pJaHZjTkFRRUxCUUFEZ2dHQkFFeWV6aHJ4bE5BTndkNndid2ZDaWtKN29XQ0pQeDZ6TVpIWDBqdGR0M25ECktkMTlUMDZxalIrYldkbW1TZDIwWFBjcEo4aUFKVEw0NzhreVdUQys1dXUvTVAyaTJUQ1pwT2IvWHFqQ21naWsKWjBiYzhVV05VUEdJQWFpWVd5RFJEUTBvZFBNT3AySGdza2J6dmdhK2M3Q2haZnp0NmVkdnhOZXQ5aE5HRlVyZgozVzJmZzdZTFBFTkRmS0c0UFJNNW9LRmNDWG1YRHNSRVVRbm9ScXNBWFNaQnYyNFl5N1FlbzNmZjJWNXFzWndPCnJkTStXQ0RXWk5zejV0RGdFeHBSTDZFejZ0Y0V6amFMUWlFY1RXYXBjSk1MYTloRUdwdW43SmxJakZXbCtUZnMKL1l2c2pvQnZNSlJ0SUJtMnU2NHFPRkdhYzVvYTk1cC9MYmM3RnptTVo0eWM2UVA0Wk9oby9qK3FEeS85dk5LagpkQ0E3a0o2aDJ4aXRHREMyWVF2dUJ0ZkdxY2JrNUl4Qk1nMU1LR05ZUm9MdGQwNlR4dkVyY0lVUUJaS0hGbjc4Cm54L3FudmFvUjhwZSs5NTRmdHBFdmxLL3BSc2dpMXFrZVY3c0dCNng0UmZ0TDdMMzhldE00dldncmRxS1FnZW4KdDBYRUVGVllBaWRzc2s2dnJTRFJRUT09Ci0tLS0tRU5EIENFUlRJRklDQVRFLS0tLS0K"}],"master_authorized_networks_config":[],"master_version":"1.33.5-gke.1308000","mesh_certificates":[],"min_master_version":null,"monitoring_config":[{"advanced_datapath_observability_config":[{"enable_metrics":false,"enable_relay":false,"relay_mode":"DISABLED"}],"enable_components":["SYSTEM_COMPONENTS","DAEMONSET","DEPLOYMENT","STATEFULSET","JOBSET","STORAGE","HPA","POD","CADVISOR","KUBELET","DCGM"],"managed_prometheus":[{"enabled":true}]}],"monitoring_service":"monitoring.googleapis.com/kubernetes","name":"gke-cluster-dev","network":"projects/project-4530f220-dbfa-40df-8f5/global/networks/default","network_policy":[{"enabled":false,"provider":"PROVIDER_UNSPECIFIED"}],"networking_mode":"VPC_NATIVE","node_config":[],"node_locations":["us-central1-a","us-central1-c","us-central1-f"],"node_pool":[],"node_pool_auto_config":[{"network_tags":[],"node_kubelet_config":[{"insecure_kubelet_readonly_port_enabled":"FALSE"}],"resource_manager_tags":{}}],"node_pool_defaults":[{"node_config_defaults":[{"containerd_config":[],"insecure_kubelet_readonly_port_enabled":"FALSE","logging_variant":"DEFAULT"}]}],"node_version":"1.33.5-gke.1308000","notification_config":[{"pubsub":[{"enabled":false,"filter":[],"topic":""}]}],"operation":null,"private_cluster_config":[{"enable_private_endpoint":false,"enable_private_nodes":false,"master_global_access_config":[{"enabled":false}],"master_ipv4_cidr_block":"","peering_name":"","private_endpoint":"10.128.0.2","private_endpoint_subnetwork":"","public_endpoint":"34.59.42.205"}],"private_ipv6_google_access":"","project":"project-4530f220-dbfa-40df-8f5","release_channel":[{"channel":"REGULAR"}],"remove_default_node_pool":true,"resource_labels":{},"resource_usage_export_config":[],"security_posture_config":[{"mode":"BASIC","vulnerability_mode":"VULNERABILITY_MODE_UNSPECIFIED"}],"self_link":"https://container.googleapis.com/v1/projects/project-4530f220-dbfa-40df-8f5/locations/us-central1/clusters/gke-cluster-dev","service_external_ips_config":[{"enabled":false}],"services_ipv4_cidr":"34.118.224.0/20","subnetwork":"projects/project-4530f220-dbfa-40df-8f5/regions/us-central1/subnetworks/default","timeouts":null,"tpu_ipv4_cidr_block":"","vertical_pod_autoscaling":[],"workload_identity_config":[]},"sensitive_attributes":[[{"type":"get_attr","value":"master_auth"},{"type":"index","value":{"value":0,"type":"number"}},{"type":"get_attr","value":"client_key"}]],"private":"eyJlMmJmYjczMC1lY2FhLTExZTYtOGY4OC0zNDM2M2JjN2M0YzAiOnsiY3JlYXRlIjoyNDAwMDAwMDAwMDAwLCJkZWxldGUiOjI0MDAwMDAwMDAwMDAsInJlYWQiOjI0MDAwMDAwMDAwMDAsInVwZGF0ZSI6MzYwMDAwMDAwMDAwMH0sInNjaGVtYV92ZXJzaW9uIjoiMiJ9"}]},{"mode":"managed","type":"google_container_node_pool","name":"this","provider":"provider[\"registry.opentofu.org/hashicorp/google\"]","instances":[{"schema_version":1,"attributes":{"autoscaling":[],"cluster":"gke-cluster-dev","id":"projects/project-4530f220-dbfa-40df-8f5/locations/us-central1/clusters/gke-cluster-dev/nodePools/primary-node-pool","initial_node_count":1,"instance_group_urls":["https://www.googleapis.com/compute/v1/projects/project-4530f220-dbfa-40df-8f5/zones/us-central1-c/instanceGroupManagers/gke-gke-cluster-dev-primary-node-pool-334f3f71-grp","https://www.googleapis.com/compute/v1/projects/project-4530f220-dbfa-40df-8f5/zones/us-central1-a/instanceGroupManagers/gke-gke-cluster-dev-primary-node-pool-24307f79-grp","https://www.googleapis.com/compute/v1/projects/project-4530f220-dbfa-40df-8f5/zones/us-central1-f/instanceGroupManagers/gke-gke-cluster-dev-primary-node-pool-f9436f2f-grp"],"location":"us-central1","managed_instance_group_urls":["https://www.googleapis.com/compute/v1/projects/project-4530f220-dbfa-40df-8f5/zones/us-central1-c/instanceGroups/gke-gke-cluster-dev-primary-node-pool-334f3f71-grp","https://www.googleapis.com/compute/v1/projects/project-4530f220-dbfa-40df-8f5/zones/us-central1-a/instanceGroups/gke-gke-cluster-dev-primary-node-pool-24307f79-grp","https://www.googleapis.com/compute/v1/projects/project-4530f220-dbfa-40df-8f5/zones/us-central1-f/instanceGroups/gke-gke-cluster-dev-primary-node-pool-f9436f2f-grp"],"management":[{"auto_repair":true,"auto_upgrade":true}],"max_pods_per_node":110,"name":"primary-node-pool","name_prefix":"","network_config":[{"additional_node_network_configs":[],"additional_pod_network_configs":[],"create_pod_range":false,"enable_private_nodes":false,"network_performance_config":[],"pod_cidr_overprovision_config":[],"pod_ipv4_cidr_block":"10.124.0.0/14","pod_range":"gke-gke-cluster-dev-pods-1885a18c"}],"node_config":[{"advanced_machine_features":[],"boot_disk_kms_key":"","confidential_nodes":[],"containerd_config":[],"disk_size_gb":100,"disk_type":"pd-balanced","effective_taints":[],"enable_confidential_storage":false,"ephemeral_storage_local_ssd_config":[],"fast_socket":[],"gcfs_config":[],"guest_accelerator":[],"gvnic":[],"host_maintenance_policy":[],"image_type":"COS_CONTAINERD","kubelet_config":[{"cpu_cfs_quota":false,"cpu_cfs_quota_period":"","cpu_manager_policy":"","insecure_kubelet_readonly_port_enabled":"FALSE","pod_pids_limit":0}],"labels":{},"linux_node_config":[],"local_nvme_ssd_block_config":[],"local_ssd_count":0,"logging_variant":"DEFAULT","machine_type":"e2-micro","metadata":{"disable-legacy-endpoints":"true"},"min_cpu_platform":"","node_group":"","oauth_scopes":["https://www.googleapis.com/auth/compute","https://www.googleapis.com/auth/devstorage.read_only","https://www.googleapis.com/auth/logging.write","https://www.googleapis.com/auth/monitoring"],"preemptible":true,"reservation_affinity":[],"resource_labels":{"goog-gke-node-pool-provisioning-model":"spot"},"resource_manager_tags":null,"secondary_boot_disks":[],"service_account":"gke-sa-dev@project-4530f220-dbfa-40df-8f5.iam.gserviceaccount.com","shielded_instance_config":[{"enable_integrity_monitoring":true,"enable_secure_boot":false}],"sole_tenant_config":[],"spot":false,"tags":null,"taint":[],"workload_metadata_config":[]}],"node_count":1,"node_locations":["us-central1-a","us-central1-c","us-central1-f"],"operation":null,"placement_policy":[],"project":"project-4530f220-dbfa-40df-8f5","queued_provisioning":[],"timeouts":null,"upgrade_settings":[{"blue_green_settings":[],"max_surge":1,"max_unavailable":0,"strategy":"SURGE"}],"version":"1.33.5-gke.1308000"},"sensitive_attributes":[],"private":"eyJlMmJmYjczMC1lY2FhLTExZTYtOGY4OC0zNDM2M2JjN2M0YzAiOnsiY3JlYXRlIjoxODAwMDAwMDAwMDAwLCJkZWxldGUiOjE4MDAwMDAwMDAwMDAsInVwZGF0ZSI6MTgwMDAwMDAwMDAwMH0sInNjaGVtYV92ZXJzaW9uIjoiMSJ9","dependencies":["google_container_cluster.this","google_service_account.default"]}]},{"mode":"managed","type":"google_service_account","name":"default","provider":"provider[\"registry.opentofu.org/hashicorp/google\"]","instances":[{"schema_version":0,"attributes":{"account_id":"gke-sa-dev","create_ignore_already_exists":null,"description":"","disabled":false,"display_name":"GKE Service Account for dev environment","email":"gke-sa-dev@project-4530f220-dbfa-40df-8f5.iam.gserviceaccount.com","id":"projects/project-4530f220-dbfa-40df-8f5/serviceAccounts/gke-sa-dev@project-4530f220-dbfa-40df-8f5.iam.gserviceaccount.com","member":"serviceAccount:gke-sa-dev@project-4530f220-dbfa-40df-8f5.iam.gserviceaccount.com","name":"projects/project-4530f220-dbfa-40df-8f5/serviceAccounts/gke-sa-dev@project-4530f220-dbfa-40df-8f5.iam.gserviceaccount.com","project":"project-4530f220-dbfa-40df-8f5","timeouts":null,"unique_id":"112039592848702187025"},"sensitive_attributes":[],"private":"eyJlMmJmYjczMC1lY2FhLTExZTYtOGY4OC0zNDM2M2JjN2M0YzAiOnsiY3JlYXRlIjozMDAwMDAwMDAwMDB9fQ=="}]},{"mode":"managed","type":"random_uuid","name":"uuid","provider":"provider[\"registry.opentofu.org/hashicorp/random\"]","instances":[{"schema_version":0,"attributes":{"id":"af485e9c-c6aa-c3f9-27f3-0c4d0857c6d8","keepers":null,"result":"af485e9c-c6aa-c3f9-27f3-0c4d0857c6d8"},"sensitive_attributes":[]}]}],"check_results":null}
