{"version":4,"terraform_version":"1.10.7","serial":3,"lineage":"b00f6f27-9a64-4225-d502-4c7b93fe9eab","outputs":{},"resources":[{"mode":"managed","type":"google_storage_bucket","name":"this","provider":"provider[\"registry.opentofu.org/hashicorp/google\"]","instances":[{"schema_version":2,"attributes":{"autoclass":[],"cors":[],"custom_placement_config":[],"default_event_based_hold":false,"effective_labels":{},"enable_object_retention":false,"encryption":[],"force_destroy":true,"id":"bucket-stivdev-035e31b5-d79e-0ebd-743a-28a1249f6f50","labels":null,"lifecycle_rule":[],"location":"US-CENTRAL1","logging":[],"name":"bucket-stivdev-035e31b5-d79e-0ebd-743a-28a1249f6f50","project":"project-4530f220-dbfa-40df-8f5","project_number":854715597246,"public_access_prevention":"inherited","requester_pays":false,"retention_policy":[],"rpo":null,"self_link":"https://www.googleapis.com/storage/v1/b/bucket-stivdev-035e31b5-d79e-0ebd-743a-28a1249f6f50","soft_delete_policy":[{"effective_time":"2025-12-03T23:10:15.835Z","retention_duration_seconds":604800}],"storage_class":"STANDARD","terraform_labels":{},"timeouts":null,"uniform_bucket_level_access":true,"url":"gs://bucket-stivdev-035e31b5-d79e-0ebd-743a-28a1249f6f50","versioning":[],"website":[]},"sensitive_attributes":[],"private":"eyJlMmJmYjczMC1lY2FhLTExZTYtOGY4OC0zNDM2M2JjN2M0YzAiOnsiY3JlYXRlIjo2MDAwMDAwMDAwMDAsInJlYWQiOjI0MDAwMDAwMDAwMCwidXBkYXRlIjoyNDAwMDAwMDAwMDB9LCJzY2hlbWFfdmVyc2lvbiI6IjIifQ==","dependencies":["random_uuid.uuid"]}]},{"mode":"managed","type":"random_uuid","name":"uuid","provider":"provider[\"registry.opentofu.org/hashicorp/random\"]","instances":[{"schema_version":0,"attributes":{"id":"035e31b5-d79e-0ebd-743a-28a1249f6f50","keepers":null,"result":"035e31b5-d79e-0ebd-743a-28a1249f6f50"},"sensitive_attributes":[]}]},{"module":"module.gke","mode":"data","type":"google_container_engine_versions","name":"gke_versions","provider":"provider[\"registry.opentofu.org/hashicorp/google\"]","instances":[{"schema_version":0,"attributes":{"default_cluster_version":"1.33.5-gke.1201000","id":"2025-12-03 23:07:53.412038 +0000 UTC","latest_master_version":"1.34.1-gke.3355000","latest_node_version":"1.34.1-gke.3355000","location":null,"project":null,"release_channel_default_version":{"EXTENDED":"1.33.5-gke.1201000","RAPID":"1.34.1-gke.2037001","REGULAR":"1.33.5-gke.1201000","STABLE":"1.33.5-gke.1125000"},"release_channel_latest_version":{"EXTENDED":"1.33.5-gke.1308000","RAPID":"1.34.1-gke.3355000","REGULAR":"1.34.1-gke.2909000","STABLE":"1.33.5-gke.1162000"},"valid_master_versions":["1.34.1-gke.3355000","1.34.1-gke.3225000","1.34.1-gke.3084001","1.34.1-gke.2980000","1.34.1-gke.2909000","1.34.1-gke.2541000","1.34.1-gke.2037002","1.34.1-gke.2037001","1.34.1-gke.1829001","1.33.5-gke.1862000","1.33.5-gke.1791000","1.33.5-gke.1697000","1.33.5-gke.1521000","1.33.5-gke.1350000","1.33.5-gke.1308000","1.33.5-gke.1201000","1.33.5-gke.1162000","1.33.5-gke.1125000","1.33.5-gke.1080000","1.32.9-gke.1575000","1.32.9-gke.1548000","1.32.9-gke.1462000","1.32.9-gke.1330000","1.32.9-gke.1239000","1.32.9-gke.1207000","1.32.9-gke.1130000","1.32.9-gke.1108000","1.32.9-gke.1092000","1.31.14-gke.1033000","1.31.13-gke.1454000","1.31.13-gke.1377000","1.31.13-gke.1231000","1.31.13-gke.1139000","1.31.13-gke.1123000","1.31.13-gke.1040000","1.31.13-gke.1023000","1.31.13-gke.1008000"],"valid_node_versions":["1.34.1-gke.3355000","1.34.1-gke.3225000","1.34.1-gke.3084001","1.34.1-gke.2980000","1.34.1-gke.2909000","1.34.1-gke.2541000","1.34.1-gke.2037002","1.34.1-gke.2037001","1.34.1-gke.1829001","1.33.5-gke.1862000","1.33.5-gke.1791000","1.33.5-gke.1697000","1.33.5-gke.1521000","1.33.5-gke.1350000","1.33.5-gke.1308000","1.33.5-gke.1201000","1.33.5-gke.1162000","1.33.5-gke.1125000","1.33.5-gke.1080000","1.33.4-gke.1350000","1.33.4-gke.1245000","1.33.4-gke.1172000","1.33.4-gke.1134000","1.33.4-gke.1036000","1.33.3-gke.1392000","1.33.3-gke.1266000","1.33.3-gke.1250000","1.33.3-gke.1136000","1.33.2-gke.4780000","1.33.2-gke.4655000","1.33.2-gke.1384000","1.33.2-gke.1240000","1.33.2-gke.1111000","1.33.2-gke.1043000","1.33.1-gke.1959000","1.33.1-gke.1744000","1.33.1-gke.1584000","1.33.1-gke.1545000","1.33.1-gke.1386000","1.33.1-gke.1375000","1.33.1-gke.1107000","1.33.0-gke.2248000","1.32.9-gke.1575000","1.32.9-gke.1548000","1.32.9-gke.1462000","1.32.9-gke.1330000","1.32.9-gke.1239000","1.32.9-gke.1207000","1.32.9-gke.1130000","1.32.9-gke.1108000","1.32.9-gke.1092000","1.32.9-gke.1072000","1.32.9-gke.1010000","1.32.8-gke.1170000","1.32.8-gke.1134000","1.32.8-gke.1108000","1.32.8-gke.1026000","1.32.8-gke.1005000","1.32.7-gke.1079000","1.32.7-gke.1016000","1.32.6-gke.1125000","1.32.6-gke.1096000","1.32.6-gke.1060000","1.32.6-gke.1025000","1.32.6-gke.1013000","1.32.4-gke.1767000","1.32.4-gke.1698000","1.32.4-gke.1603000","1.32.4-gke.1533000","1.32.4-gke.1415001","1.32.4-gke.1415000","1.32.4-gke.1353003","1.32.4-gke.1353001","1.32.4-gke.1353000","1.32.4-gke.1236007","1.32.4-gke.1236006","1.32.4-gke.1236000","1.32.4-gke.1106006","1.32.4-gke.1106000","1.32.3-gke.1927009","1.32.3-gke.1927002","1.32.3-gke.1927000","1.32.3-gke.1785003","1.32.3-gke.1785000","1.32.3-gke.1717000","1.32.3-gke.1440000","1.32.3-gke.1170000","1.32.3-gke.1057001","1.32.2-gke.1652003","1.32.2-gke.1652000","1.32.2-gke.1400003","1.32.2-gke.1400001","1.32.2-gke.1297002","1.32.2-gke.1297001","1.32.2-gke.1297000","1.32.2-gke.1182003","1.32.2-gke.1182002","1.32.2-gke.1182001","1.32.2-gke.1182000","1.32.1-gke.1729000","1.32.1-gke.1489001","1.32.1-gke.1357001","1.32.1-gke.1200003","1.31.14-gke.1033000","1.31.13-gke.1454000","1.31.13-gke.1377000","1.31.13-gke.1231000","1.31.13-gke.1139000","1.31.13-gke.1123000","1.31.13-gke.1040000","1.31.13-gke.1023000","1.31.13-gke.1008000","1.31.12-gke.1265000","1.31.12-gke.1220000","1.31.12-gke.1110000","1.31.12-gke.1083000","1.31.12-gke.1060000","1.31.12-gke.1014000","1.31.11-gke.1135000","1.31.11-gke.1101000","1.31.11-gke.1064000","1.31.11-gke.1036000","1.31.11-gke.1002000","1.31.10-gke.1067000","1.31.10-gke.1034000","1.31.10-gke.1021000","1.31.9-gke.1287000","1.31.9-gke.1218000","1.31.9-gke.1176000","1.31.9-gke.1119000","1.31.9-gke.1044001","1.31.9-gke.1044000","1.31.9-gke.1005000","1.31.8-gke.1113000","1.31.8-gke.1045000","1.31.7-gke.1390000","1.31.7-gke.1265000","1.31.7-gke.1212000","1.31.7-gke.1149000","1.31.7-gke.1112000","1.31.7-gke.1013002","1.31.7-gke.1013001","1.31.6-gke.1221001","1.31.6-gke.1221000","1.31.6-gke.1140000","1.31.6-gke.1099001","1.31.6-gke.1099000","1.31.6-gke.1064001","1.31.6-gke.1064000","1.31.6-gke.1027000","1.31.6-gke.1020001","1.31.6-gke.1020000","1.31.5-gke.1233001","1.31.5-gke.1233000","1.31.5-gke.1169001","1.31.5-gke.1169000","1.31.5-gke.1068000","1.31.5-gke.1023000","1.31.4-gke.1372000","1.31.4-gke.1256000","1.31.4-gke.1249000","1.31.4-gke.1183000","1.31.4-gke.1177000","1.31.4-gke.1072000","1.31.3-gke.1162000","1.31.3-gke.1121001","1.31.3-gke.1056000","1.31.3-gke.1023000","1.31.3-gke.1006000","1.31.2-gke.1518000","1.31.2-gke.1384000","1.31.2-gke.1354000","1.31.2-gke.1115000","1.31.1-gke.2105000","1.31.1-gke.2008000","1.31.1-gke.1846000","1.31.1-gke.1678000","1.31.1-gke.1146000","1.30.14-gke.1746000","1.30.14-gke.1719000","1.30.14-gke.1658000","1.30.14-gke.1525000","1.30.14-gke.1426000","1.30.14-gke.1408000","1.30.14-gke.1349000","1.30.14-gke.1336000","1.30.14-gke.1325000","1.30.14-gke.1316000","1.30.14-gke.1267000","1.30.14-gke.1150000","1.30.14-gke.1130000","1.30.14-gke.1108000","1.30.14-gke.1059000","1.30.14-gke.1036000","1.30.14-gke.1011000","1.30.12-gke.1414000","1.30.12-gke.1390000","1.30.12-gke.1372000","1.30.12-gke.1340000","1.30.12-gke.1333000","1.30.12-gke.1320000","1.30.12-gke.1279000","1.30.12-gke.1246000","1.30.12-gke.1208000","1.30.12-gke.1168000","1.30.12-gke.1151000","1.30.12-gke.1086000","1.30.12-gke.1033000","1.30.11-gke.1217000","1.30.11-gke.1157000","1.30.11-gke.1131000","1.30.11-gke.1093000","1.30.11-gke.1072000","1.30.11-gke.1008001","1.30.10-gke.1227001","1.30.10-gke.1227000","1.30.10-gke.1145000","1.30.10-gke.1102000","1.30.10-gke.1070000","1.30.10-gke.1042000","1.30.10-gke.1022000","1.30.9-gke.1231000","1.30.9-gke.1201000","1.30.9-gke.1127000","1.30.9-gke.1046000","1.30.9-gke.1027000","1.30.9-gke.1009000","1.30.8-gke.1282000","1.30.8-gke.1261000","1.30.8-gke.1224000","1.30.8-gke.1162001","1.30.8-gke.1162000","1.30.8-gke.1133000","1.30.8-gke.1128001","1.30.8-gke.1128000","1.30.8-gke.1051001","1.30.8-gke.1051000","1.30.7-gke.1136000","1.30.7-gke.1084000","1.30.7-gke.1077000","1.30.6-gke.1596000","1.30.6-gke.1125000","1.30.6-gke.1059000","1.30.5-gke.1713000","1.30.5-gke.1699000","1.30.5-gke.1628000","1.30.5-gke.1443001","1.30.5-gke.1355000","1.30.5-gke.1145000","1.30.5-gke.1014003","1.30.5-gke.1014001","1.30.5-gke.1014000","1.30.4-gke.1476000","1.30.4-gke.1348001","1.30.4-gke.1348000","1.30.4-gke.1282000","1.30.4-gke.1213000","1.30.4-gke.1129000","1.30.3-gke.1969002","1.30.3-gke.1969001","1.30.3-gke.1639000","1.30.3-gke.1451000","1.30.3-gke.1225000","1.30.2-gke.1587003","1.30.1-gke.1329003","1.29.15-gke.2505000","1.29.15-gke.2467000","1.29.15-gke.2380000","1.29.15-gke.2236000","1.29.15-gke.2109000","1.29.15-gke.2085000","1.29.15-gke.2002000","1.29.15-gke.1989000","1.29.15-gke.1979000","1.29.15-gke.1971000","1.29.15-gke.1936000","1.29.15-gke.1851000","1.29.15-gke.1835000","1.29.15-gke.1820000","1.29.15-gke.1773000","1.29.15-gke.1756000","1.29.15-gke.1713000","1.29.15-gke.1686000","1.29.15-gke.1656000","1.29.15-gke.1639000","1.29.15-gke.1614000","1.29.15-gke.1607000","1.29.15-gke.1594000","1.29.15-gke.1549000","1.29.15-gke.1523000","1.29.15-gke.1493000","1.29.15-gke.1415000","1.29.15-gke.1395000","1.29.15-gke.1325000","1.29.15-gke.1274000","1.29.15-gke.1240000","1.29.15-gke.1193000","1.29.15-gke.1170000","1.29.15-gke.1134000","1.29.15-gke.1108000","1.29.15-gke.1058000","1.29.15-gke.1017000","1.29.14-gke.1132000","1.29.14-gke.1086000","1.29.14-gke.1067000","1.29.14-gke.1020000","1.29.14-gke.1018000","1.29.13-gke.1169000","1.29.13-gke.1109000","1.29.13-gke.1038000","1.29.13-gke.1006000","1.29.12-gke.1270000","1.29.12-gke.1143001","1.29.12-gke.1143000","1.29.12-gke.1126000","1.29.12-gke.1120001","1.29.12-gke.1120000","1.29.12-gke.1055001","1.29.12-gke.1055000","1.29.11-gke.1045000","1.29.11-gke.1012000","1.29.10-gke.1280000","1.29.10-gke.1227000","1.29.10-gke.1155000","1.29.10-gke.1071000","1.29.10-gke.1054000","1.29.10-gke.1043000","1.29.9-gke.1541000","1.29.9-gke.1496000","1.29.9-gke.1341000","1.29.9-gke.1177000","1.29.8-gke.1278000","1.29.8-gke.1211000","1.29.8-gke.1157000","1.29.8-gke.1096000","1.29.8-gke.1057000","1.29.8-gke.1031000","1.29.7-gke.1274000","1.29.7-gke.1174000","1.29.7-gke.1104000","1.29.7-gke.1008000","1.29.6-gke.1326000","1.29.6-gke.1254000","1.29.6-gke.1137000","1.29.6-gke.1038001","1.29.6-gke.1038000","1.29.5-gke.1192000","1.29.5-gke.1121000","1.29.5-gke.1091002","1.29.5-gke.1091001","1.29.5-gke.1091000","1.29.5-gke.1060001","1.29.5-gke.1060000","1.29.5-gke.1010000","1.29.4-gke.1670000","1.29.4-gke.1542000","1.29.4-gke.1447001","1.29.4-gke.1447000","1.29.4-gke.1165000","1.29.4-gke.1043004","1.29.4-gke.1043002","1.29.4-gke.1043001","1.29.4-gke.1043000","1.29.3-gke.1282005","1.29.3-gke.1282001","1.29.3-gke.1282000","1.29.3-gke.1093006","1.29.3-gke.1093000","1.29.2-gke.1521000","1.29.2-gke.1217000","1.29.2-gke.1060000","1.29.1-gke.1589020","1.29.1-gke.1589018","1.29.1-gke.1589017","1.29.1-gke.1589000","1.29.1-gke.1575000","1.29.1-gke.1425000","1.29.1-gke.1016000","1.29.0-gke.1381000","1.28.15-gke.3188000","1.28.15-gke.3163000","1.28.15-gke.3096000","1.28.15-gke.2966000","1.28.15-gke.2857000","1.28.15-gke.2793000","1.28.15-gke.2767000","1.28.15-gke.2751000","1.28.15-gke.2740000","1.28.15-gke.2730000","1.28.15-gke.2697000","1.28.15-gke.2630000","1.28.15-gke.2610000","1.28.15-gke.2599000","1.28.15-gke.2564000","1.28.15-gke.2547000","1.28.15-gke.2527000","1.28.15-gke.2507000","1.28.15-gke.2488000","1.28.15-gke.2475000","1.28.15-gke.2461000","1.28.15-gke.2456000","1.28.15-gke.2445000","1.28.15-gke.2428000","1.28.15-gke.2403000","1.28.15-gke.2380000","1.28.15-gke.2303000","1.28.15-gke.2287000","1.28.15-gke.2239000","1.28.15-gke.2192000","1.28.15-gke.2169000","1.28.15-gke.2142000","1.28.15-gke.2121000","1.28.15-gke.2097000","1.28.15-gke.2072000","1.28.15-gke.2027000","1.28.15-gke.2003000","1.28.15-gke.1940000","1.28.15-gke.1897000","1.28.15-gke.1881000","1.28.15-gke.1844000","1.28.15-gke.1781000","1.28.15-gke.1720000","1.28.15-gke.1673000","1.28.15-gke.1641000","1.28.15-gke.1612000","1.28.15-gke.1503000","1.28.15-gke.1488000","1.28.15-gke.1480000","1.28.15-gke.1435000","1.28.15-gke.1388000","1.28.15-gke.1362000","1.28.15-gke.1344000","1.28.15-gke.1342000","1.28.15-gke.1159000","1.28.15-gke.1080000","1.28.15-gke.1041000","1.28.15-gke.1020000","1.28.15-gke.1015000","1.28.14-gke.1376000","1.28.14-gke.1340000","1.28.14-gke.1217000","1.28.14-gke.1175000","1.28.14-gke.1099000","1.28.14-gke.1004000","1.28.13-gke.1119000","1.28.13-gke.1078000","1.28.13-gke.1049000","1.28.13-gke.1042000","1.28.13-gke.1024000","1.28.13-gke.1006000","1.28.12-gke.1179000","1.28.12-gke.1090000","1.28.12-gke.1052000","1.28.11-gke.1315000","1.28.11-gke.1289000","1.28.11-gke.1260000","1.28.11-gke.1172000","1.28.11-gke.1170000","1.28.11-gke.1019001","1.28.11-gke.1019000","1.28.10-gke.1148001","1.28.10-gke.1148000","1.28.10-gke.1141000","1.28.10-gke.1089002","1.28.10-gke.1089000","1.28.10-gke.1075001","1.28.10-gke.1075000","1.28.10-gke.1058001","1.28.10-gke.1058000","1.28.10-gke.1012000","1.28.9-gke.1289002","1.28.9-gke.1289000","1.28.9-gke.1250000","1.28.9-gke.1209001","1.28.9-gke.1209000","1.28.9-gke.1069002","1.28.9-gke.1069000","1.28.9-gke.1000000","1.28.8-gke.1175000","1.28.8-gke.1095000","1.28.7-gke.1226000","1.28.7-gke.1026001","1.28.7-gke.1026000","1.28.6-gke.1456000","1.28.6-gke.1369000","1.28.6-gke.1289000","1.28.6-gke.1095000","1.28.5-gke.1217000","1.28.4-gke.1083000","1.28.3-gke.1286000","1.28.3-gke.1203001","1.28.3-gke.1203000","1.28.3-gke.1118000","1.28.3-gke.1098000","1.28.3-gke.1090000","1.28.2-gke.1157000","1.27.16-gke.2894000","1.27.16-gke.2874000","1.27.16-gke.2853000","1.27.16-gke.2820000","1.27.16-gke.2810000","1.27.16-gke.2771000","1.27.16-gke.2732000","1.27.16-gke.2703000","1.27.16-gke.2682000","1.27.16-gke.2664000","1.27.16-gke.2650000","1.27.16-gke.2633000","1.27.16-gke.2595000","1.27.16-gke.2573000","1.27.16-gke.2528000","1.27.16-gke.2489000","1.27.16-gke.2477000","1.27.16-gke.2451000","1.27.16-gke.2440000","1.27.16-gke.2387000","1.27.16-gke.2342000","1.27.16-gke.2296000","1.27.16-gke.2270000","1.27.16-gke.2246000","1.27.16-gke.2142000","1.27.16-gke.2122000","1.27.16-gke.2081000","1.27.16-gke.2051000","1.27.16-gke.2027000","1.27.16-gke.2019000","1.27.16-gke.1836000","1.27.16-gke.1784000","1.27.16-gke.1742000","1.27.16-gke.1712000","1.27.16-gke.1681000","1.27.16-gke.1576000","1.27.16-gke.1478000","1.27.16-gke.1373000","1.27.16-gke.1342000","1.27.16-gke.1296000","1.27.16-gke.1287000","1.27.16-gke.1258000","1.27.16-gke.1234001","1.27.16-gke.1234000","1.27.16-gke.1148001","1.27.16-gke.1148000","1.27.16-gke.1082000","1.27.16-gke.1051001","1.27.16-gke.1051000","1.27.16-gke.1008000","1.27.15-gke.1252000","1.27.15-gke.1154000","1.27.15-gke.1125000","1.27.15-gke.1012003","1.27.15-gke.1012000","1.27.14-gke.1100002","1.27.14-gke.1100000","1.27.14-gke.1093000","1.27.14-gke.1059002","1.27.14-gke.1059001","1.27.14-gke.1059000","1.27.14-gke.1042001","1.27.14-gke.1042000","1.27.14-gke.1022001","1.27.14-gke.1022000","1.27.14-gke.1011000","1.27.13-gke.1201002","1.27.13-gke.1201000","1.27.13-gke.1166001","1.27.13-gke.1166000","1.27.13-gke.1070002","1.27.13-gke.1070000","1.27.13-gke.1000000","1.27.12-gke.1190000","1.27.12-gke.1115000","1.27.11-gke.1202000","1.27.11-gke.1118000","1.27.11-gke.1062004","1.27.11-gke.1062003","1.27.11-gke.1062001","1.27.11-gke.1062000","1.27.11-gke.1018000","1.27.10-gke.1207000","1.27.10-gke.1152000","1.27.10-gke.1055000","1.27.9-gke.1092000","1.27.8-gke.1067004","1.27.8-gke.1067000","1.27.7-gke.1293000","1.27.7-gke.1121002","1.27.7-gke.1121000","1.27.7-gke.1088000","1.27.7-gke.1056000","1.27.7-gke.1038000","1.27.6-gke.1506000","1.27.6-gke.1445000","1.27.6-gke.1248000","1.27.5-gke.200","1.27.4-gke.900","1.27.3-gke.1700","1.27.3-gke.100","1.27.2-gke.2100","1.27.2-gke.1200","1.26.15-gke.1469001","1.26.15-gke.1469000","1.26.15-gke.1436000","1.26.15-gke.1404002","1.26.15-gke.1404000","1.26.15-gke.1390001","1.26.15-gke.1390000","1.26.15-gke.1381001","1.26.15-gke.1381000","1.26.15-gke.1372001","1.26.15-gke.1360000","1.26.15-gke.1320002","1.26.15-gke.1320000","1.26.15-gke.1300001","1.26.15-gke.1300000","1.26.15-gke.1243000","1.26.15-gke.1191001","1.26.15-gke.1191000","1.26.15-gke.1158000","1.26.15-gke.1090004","1.26.15-gke.1090000","1.26.14-gke.1133000","1.26.14-gke.1076000","1.26.14-gke.1044001","1.26.14-gke.1044000","1.26.14-gke.1006000","1.26.13-gke.1189000","1.26.13-gke.1144000","1.26.13-gke.1052000","1.26.12-gke.1111000","1.26.11-gke.1055000","1.26.10-gke.1235000","1.26.10-gke.1101000","1.26.10-gke.1073000","1.26.10-gke.1038000","1.26.10-gke.1024000","1.26.9-gke.1507000","1.26.9-gke.1437000","1.26.8-gke.200","1.26.7-gke.500","1.26.6-gke.1700","1.26.5-gke.2700","1.26.5-gke.2100","1.26.5-gke.1400","1.26.5-gke.1200","1.26.4-gke.1400","1.26.4-gke.500","1.26.3-gke.1000","1.26.3-gke.400","1.26.2-gke.1000","1.26.1-gke.1500","1.25.16-gke.1759000","1.25.16-gke.1711000","1.25.16-gke.1648000","1.25.16-gke.1596000","1.25.16-gke.1570000","1.25.16-gke.1537000","1.25.16-gke.1497000","1.25.16-gke.1460000","1.25.16-gke.1360000","1.25.16-gke.1268000","1.25.16-gke.1041000","1.25.16-gke.1020000","1.25.15-gke.1115000","1.25.15-gke.1083000","1.25.15-gke.1049000","1.25.15-gke.1033000","1.25.14-gke.1474000","1.25.14-gke.1421000","1.25.13-gke.200","1.25.12-gke.500","1.25.11-gke.1700","1.25.10-gke.2700","1.25.10-gke.2100","1.25.10-gke.1400","1.25.10-gke.1200","1.25.9-gke.2300","1.25.9-gke.400","1.25.8-gke.1000","1.25.8-gke.500","1.25.7-gke.1000","1.25.6-gke.1000","1.25.6-gke.200","1.25.5-gke.2000","1.25.5-gke.1500","1.25.4-gke.2100","1.25.3-gke.800","1.24.17-gke.2472000","1.24.17-gke.2364000","1.24.17-gke.2347000","1.24.17-gke.2266000","1.24.17-gke.2230000","1.24.17-gke.2211000","1.24.17-gke.2198000","1.24.17-gke.2155000","1.24.17-gke.2113000","1.24.17-gke.200","1.24.16-gke.500","1.24.15-gke.1700","1.24.14-gke.2700","1.24.14-gke.2100","1.24.14-gke.1400","1.24.14-gke.1200","1.24.13-gke.2500","1.24.13-gke.500","1.24.12-gke.1000","1.24.12-gke.500","1.24.11-gke.1000","1.24.10-gke.2300","1.24.10-gke.1200","1.24.9-gke.3200","1.24.9-gke.2000","1.24.9-gke.1500","1.24.8-gke.2000","1.24.8-gke.401","1.24.7-gke.900","1.24.6-gke.1500","1.24.5-gke.600","1.24.4-gke.800","1.24.3-gke.2100","1.24.3-gke.900","1.24.3-gke.200","1.24.2-gke.1900","1.24.2-gke.300","1.24.1-gke.1800","1.24.1-gke.1400","1.23.17-gke.10700","1.23.17-gke.10000","1.23.17-gke.8400","1.23.17-gke.7700","1.23.17-gke.7000","1.23.17-gke.6800","1.23.17-gke.5600","1.23.17-gke.3600","1.23.17-gke.2000","1.23.17-gke.1700","1.23.17-gke.300","1.23.16-gke.2500","1.23.16-gke.1400","1.23.16-gke.1100","1.23.16-gke.200","1.23.15-gke.1900","1.23.15-gke.1400","1.23.14-gke.1800","1.23.14-gke.401","1.23.13-gke.900","1.23.12-gke.1600","1.23.12-gke.100","1.23.11-gke.300","1.23.10-gke.1000","1.23.9-gke.2100","1.23.9-gke.900","1.23.8-gke.1900","1.23.8-gke.400","1.23.7-gke.1400","1.23.6-gke.2200","1.23.6-gke.1700","1.23.6-gke.1501","1.23.6-gke.1500","1.23.5-gke.2400","1.23.5-gke.1503","1.23.5-gke.1501","1.22.17-gke.14100","1.22.17-gke.13400","1.22.17-gke.12700","1.22.17-gke.11400","1.22.17-gke.9400","1.22.17-gke.8000","1.22.17-gke.7500","1.22.17-gke.6100","1.22.17-gke.5400","1.22.17-gke.4300","1.22.17-gke.4000","1.22.17-gke.3100","1.22.17-gke.1900","1.22.17-gke.1400","1.22.16-gke.2000","1.22.16-gke.1300","1.22.15-gke.2500","1.22.15-gke.1000","1.22.15-gke.100","1.22.14-gke.300","1.22.13-gke.1000","1.22.12-gke.2300","1.22.12-gke.1200","1.22.12-gke.500","1.22.12-gke.300","1.22.11-gke.400","1.22.10-gke.600","1.22.9-gke.2000","1.22.9-gke.1500","1.22.9-gke.1300","1.22.8-gke.2200","1.22.8-gke.202","1.22.8-gke.201","1.22.8-gke.200","1.22.7-gke.1500","1.22.7-gke.1300","1.22.7-gke.900","1.22.7-gke.300","1.22.6-gke.1000","1.22.6-gke.300","1.22.4-gke.1501","1.22.3-gke.1500","1.21.14-gke.18800","1.21.14-gke.18100","1.21.14-gke.15800","1.21.14-gke.14600","1.21.14-gke.14100","1.21.14-gke.8500","1.21.14-gke.7100","1.21.14-gke.5300","1.21.14-gke.4300","1.21.14-gke.3000","1.21.14-gke.2700","1.21.14-gke.2100","1.21.14-gke.700","1.21.13-gke.900","1.21.12-gke.2200","1.21.12-gke.1700","1.21.12-gke.1500","1.21.11-gke.1900","1.21.11-gke.1100","1.21.11-gke.900","1.21.10-gke.2000","1.21.10-gke.1500","1.21.10-gke.1300","1.21.10-gke.400","1.21.9-gke.1002","1.21.9-gke.1001","1.21.9-gke.1000","1.21.9-gke.300","1.21.6-gke.1503","1.21.6-gke.1501","1.21.6-gke.1500","1.21.5-gke.1805","1.21.5-gke.1802","1.21.5-gke.1302","1.21.5-gke.1300","1.21.4-gke.2302","1.21.4-gke.2300","1.21.3-gke.2003","1.21.3-gke.2001","1.20.15-gke.13700","1.20.15-gke.13400","1.20.15-gke.12800","1.20.15-gke.11400","1.20.15-gke.9900","1.20.15-gke.8700","1.20.15-gke.8200","1.20.15-gke.8000","1.20.15-gke.6000","1.20.15-gke.5200","1.20.15-gke.5000","1.20.15-gke.4100","1.20.15-gke.3600","1.20.15-gke.3400","1.20.15-gke.2500","1.20.15-gke.1000","1.20.15-gke.300","1.20.12-gke.1500","1.20.11-gke.1801","1.20.11-gke.1300","1.20.10-gke.2100","1.20.10-gke.1600","1.20.10-gke.301","1.20.9-gke.2100","1.20.9-gke.1001","1.20.9-gke.1000","1.20.9-gke.701","1.20.9-gke.700","1.20.8-gke.2101","1.20.8-gke.2100","1.20.8-gke.900","1.20.8-gke.700","1.20.7-gke.2200","1.20.7-gke.1800","1.20.6-gke.1400","1.20.6-gke.1000","1.19.16-gke.15700","1.19.16-gke.14500","1.19.16-gke.14000","1.19.16-gke.13800","1.19.16-gke.11800","1.19.16-gke.11000","1.19.16-gke.10800","1.19.16-gke.9900","1.19.16-gke.9400","1.19.16-gke.9200","1.19.16-gke.8300","1.19.16-gke.6800","1.19.16-gke.6100","1.19.16-gke.3600","1.19.15-gke.1801","1.19.15-gke.1300","1.19.15-gke.500","1.19.14-gke.2300","1.19.14-gke.1900","1.19.14-gke.301","1.19.14-gke.300","1.19.13-gke.1900","1.19.13-gke.1200","1.19.13-gke.701","1.19.13-gke.700","1.19.12-gke.2101","1.19.12-gke.2100","1.19.12-gke.1100","1.19.12-gke.900","1.19.12-gke.700","1.19.11-gke.2101","1.19.11-gke.2100","1.19.11-gke.1701","1.19.11-gke.1700","1.19.10-gke.1701","1.19.10-gke.1700","1.19.10-gke.1601","1.19.10-gke.1600","1.19.10-gke.1001","1.19.10-gke.1000","1.19.9-gke.1900","1.19.9-gke.1400","1.19.9-gke.700","1.19.9-gke.100","1.19.8-gke.2000","1.19.8-gke.1600","1.19.8-gke.1000","1.19.7-gke.2503","1.19.7-gke.1500","1.19.7-gke.1302","1.19.7-gke.800","1.19.6-gke.1700","1.19.6-gke.1100","1.19.6-gke.600","1.18.20-gke.6101","1.18.20-gke.6000","1.18.20-gke.4501","1.18.20-gke.4500","1.18.20-gke.4100","1.18.20-gke.3300","1.18.20-gke.3001","1.18.20-gke.3000","1.18.20-gke.2300","1.18.20-gke.901","1.18.20-gke.900","1.18.20-gke.501","1.18.19-gke.2101","1.18.19-gke.2100","1.18.19-gke.1701","1.18.19-gke.1700","1.18.18-gke.1701","1.18.18-gke.1700","1.18.18-gke.1101","1.18.18-gke.1100","1.18.17-gke.1901","1.18.17-gke.1900","1.18.17-gke.1201","1.18.17-gke.1200","1.18.17-gke.700","1.18.17-gke.100","1.18.16-gke.2100","1.18.16-gke.1201","1.18.16-gke.1200","1.18.16-gke.502","1.18.16-gke.500","1.18.16-gke.302","1.18.16-gke.300","1.18.15-gke.2500","1.18.15-gke.1502","1.18.15-gke.1501","1.18.15-gke.1500","1.18.15-gke.1102","1.18.15-gke.1100","1.18.15-gke.800","1.18.14-gke.1600","1.18.14-gke.1200","1.18.12-gke.1210","1.18.12-gke.1206","1.18.12-gke.1205","1.18.12-gke.1201","1.18.12-gke.1200","1.18.12-gke.300","1.18.10-gke.2701","1.18.10-gke.2101","1.18.10-gke.1500","1.18.10-gke.601","1.18.9-gke.2501","1.18.9-gke.1501","1.18.9-gke.801","1.18.6-gke.4801","1.18.6-gke.3504","1.18.6-gke.3503","1.17.17-gke.9100","1.17.17-gke.8500","1.17.17-gke.8200","1.17.17-gke.7800","1.17.17-gke.7200","1.17.17-gke.6700","1.17.17-gke.6000","1.17.17-gke.5400","1.17.17-gke.4900","1.17.17-gke.4400","1.17.17-gke.3700","1.17.17-gke.3000","1.17.17-gke.2800","1.17.17-gke.2500","1.17.17-gke.1500","1.17.17-gke.1101","1.17.17-gke.1100","1.17.17-gke.600","1.17.16-gke.1600","1.17.16-gke.1300","1.17.15-gke.800","1.17.15-gke.300","1.17.14-gke.1600","1.17.14-gke.1200","1.17.14-gke.400","1.17.13-gke.2600","1.17.13-gke.2001","1.17.13-gke.1401","1.17.13-gke.1400","1.17.13-gke.600","1.17.12-gke.2502","1.17.12-gke.1504","1.17.12-gke.1501","1.17.12-gke.500","1.17.9-gke.6300","1.17.9-gke.1504","1.16.15-gke.14800","1.16.15-gke.12500","1.16.15-gke.11800","1.16.15-gke.10600","1.16.15-gke.7801","1.16.15-gke.7800","1.16.15-gke.7300","1.16.15-gke.6900","1.16.15-gke.6000","1.16.15-gke.5500","1.16.15-gke.4901","1.16.15-gke.4301","1.16.15-gke.4300","1.16.15-gke.3500","1.16.15-gke.2601","1.16.15-gke.1600","1.16.15-gke.500","1.16.13-gke.404","1.16.13-gke.403","1.16.13-gke.401","1.16.13-gke.400","1.16.13-gke.1","1.16.11-gke.5","1.16.10-gke.8","1.16.9-gke.6","1.16.9-gke.2","1.16.8-gke.15","1.16.8-gke.12","1.16.8-gke.9","1.15.12-gke.6002","1.15.12-gke.6001","1.15.12-gke.5000","1.15.12-gke.4002","1.15.12-gke.4000","1.15.12-gke.20","1.15.12-gke.17","1.15.12-gke.16","1.15.12-gke.13","1.15.12-gke.9","1.15.12-gke.6","1.15.12-gke.3","1.15.12-gke.2","1.15.11-gke.17","1.15.11-gke.15","1.15.11-gke.13","1.15.11-gke.12","1.15.11-gke.11","1.15.11-gke.9","1.15.11-gke.5","1.15.11-gke.3","1.15.11-gke.1","1.15.9-gke.26","1.15.9-gke.24","1.15.9-gke.22","1.15.9-gke.12","1.15.9-gke.9","1.15.9-gke.8","1.15.8-gke.3","1.15.8-gke.2","1.15.7-gke.23","1.15.7-gke.2","1.15.4-gke.22","1.14.10-gke.1504","1.14.10-gke.902","1.14.10-gke.50","1.14.10-gke.46","1.14.10-gke.45","1.14.10-gke.42","1.14.10-gke.41","1.14.10-gke.40","1.14.10-gke.37","1.14.10-gke.36","1.14.10-gke.34","1.14.10-gke.32","1.14.10-gke.31","1.14.10-gke.27","1.14.10-gke.24","1.14.10-gke.22","1.14.10-gke.21","1.14.10-gke.17","1.14.10-gke.0","1.14.9-gke.23","1.14.9-gke.2","1.14.9-gke.0","1.14.8-gke.33","1.14.8-gke.21","1.14.8-gke.18","1.14.8-gke.17","1.14.8-gke.14","1.14.8-gke.12","1.14.8-gke.7","1.14.8-gke.2","1.14.7-gke.40","1.14.7-gke.25","1.14.7-gke.23","1.14.7-gke.17","1.14.7-gke.14","1.14.7-gke.10","1.14.6-gke.13","1.14.6-gke.2","1.14.6-gke.1","1.14.3-gke.11","1.14.3-gke.10","1.14.3-gke.9","1.14.2-gke.9","1.14.1-gke.5","1.13.12-gke.30","1.13.12-gke.25","1.13.12-gke.17","1.13.12-gke.16","1.13.12-gke.14","1.13.12-gke.13","1.13.12-gke.10","1.13.12-gke.8","1.13.12-gke.4","1.13.12-gke.2","1.13.11-gke.23","1.13.11-gke.15","1.13.11-gke.14","1.13.11-gke.12","1.13.11-gke.11","1.13.11-gke.9","1.13.11-gke.5","1.13.10-gke.7","1.13.10-gke.0","1.13.9-gke.11","1.13.9-gke.3","1.13.7-gke.24","1.13.7-gke.19","1.13.7-gke.15","1.13.7-gke.8","1.13.7-gke.0","1.13.6-gke.13","1.13.6-gke.6","1.13.6-gke.5","1.13.6-gke.0","1.13.5-gke.10","1.12.10-gke.22","1.12.10-gke.20","1.12.10-gke.19","1.12.10-gke.18","1.12.10-gke.17","1.12.10-gke.15","1.12.10-gke.13","1.12.10-gke.11","1.12.10-gke.5","1.12.9-gke.16","1.12.9-gke.15","1.12.9-gke.13","1.12.9-gke.10","1.12.9-gke.7","1.12.9-gke.3","1.12.8-gke.12","1.12.8-gke.10","1.12.8-gke.7","1.12.8-gke.6","1.12.7-gke.26","1.12.7-gke.25","1.12.7-gke.24","1.12.7-gke.22","1.12.7-gke.21","1.12.7-gke.17","1.12.7-gke.10","1.12.7-gke.7","1.12.6-gke.11","1.12.6-gke.10","1.12.6-gke.7","1.12.5-gke.10","1.12.5-gke.5","1.11.10-gke.6","1.11.10-gke.5"],"version_prefix":null},"sensitive_attributes":[]}]},{"module":"module.gke","mode":"data","type":"google_container_registry_image","name":"default","provider":"provider[\"registry.opentofu.org/hashicorp/google\"]","instances":[{"schema_version":0,"attributes":{"digest":null,"id":"gcr.io/project-4530f220-dbfa-40df-8f5/gke-dev","image_url":"gcr.io/project-4530f220-dbfa-40df-8f5/gke-dev","name":"gke-dev","project":"project-4530f220-dbfa-40df-8f5","region":null,"tag":null},"sensitive_attributes":[]}]},{"module":"module.gke","mode":"data","type":"google_project","name":"project","provider":"provider[\"registry.opentofu.org/hashicorp/google\"]","instances":[{"schema_version":0,"attributes":{"auto_create_network":null,"billing_account":"019B43-B2661C-5A162F","deletion_policy":"DELETE","effective_labels":{},"folder_id":"","id":"projects/project-4530f220-dbfa-40df-8f5","labels":{},"name":"StudyPro","number":"854715597246","org_id":"929502222520","project_id":"project-4530f220-dbfa-40df-8f5","skip_delete":null,"terraform_labels":{}},"sensitive_attributes":[]}]},{"module":"module.gke","mode":"managed","type":"google_compute_firewall","name":"allow-http","provider":"provider[\"registry.opentofu.org/hashicorp/google\"]","instances":[{"schema_version":1,"attributes":{"allow":[{"ports":["80"],"protocol":"tcp"}],"creation_timestamp":"2025-12-03T15:10:37.591-08:00","deny":[],"description":"","destination_ranges":[],"direction":"INGRESS","disabled":false,"enable_logging":null,"id":"projects/project-4530f220-dbfa-40df-8f5/global/firewalls/allow-http-dev","log_config":[],"name":"allow-http-dev","network":"https://www.googleapis.com/compute/v1/projects/project-4530f220-dbfa-40df-8f5/global/networks/gke-vpc-dev","priority":1000,"project":"project-4530f220-dbfa-40df-8f5","self_link":"https://www.googleapis.com/compute/v1/projects/project-4530f220-dbfa-40df-8f5/global/firewalls/allow-http-dev","source_ranges":["0.0.0.0/0"],"source_service_accounts":null,"source_tags":null,"target_service_accounts":null,"target_tags":["http-server"],"timeouts":null},"sensitive_attributes":[],"private":"eyJlMmJmYjczMC1lY2FhLTExZTYtOGY4OC0zNDM2M2JjN2M0YzAiOnsiY3JlYXRlIjoxMjAwMDAwMDAwMDAwLCJkZWxldGUiOjEyMDAwMDAwMDAwMDAsInVwZGF0ZSI6MTIwMDAwMDAwMDAwMH0sInNjaGVtYV92ZXJzaW9uIjoiMSJ9","dependencies":["module.gke.google_compute_network.vpc_network"]}]},{"module":"module.gke","mode":"managed","type":"google_compute_firewall","name":"allow-ssh","provider":"provider[\"registry.opentofu.org/hashicorp/google\"]","instances":[{"schema_version":1,"attributes":{"allow":[{"ports":["22"],"protocol":"tcp"}],"creation_timestamp":"2025-12-03T15:10:37.225-08:00","deny":[],"description":"","destination_ranges":[],"direction":"INGRESS","disabled":false,"enable_logging":null,"id":"projects/project-4530f220-dbfa-40df-8f5/global/firewalls/allow-ssh-dev","log_config":[],"name":"allow-ssh-dev","network":"https://www.googleapis.com/compute/v1/projects/project-4530f220-dbfa-40df-8f5/global/networks/gke-vpc-dev","priority":1000,"project":"project-4530f220-dbfa-40df-8f5","self_link":"https://www.googleapis.com/compute/v1/projects/project-4530f220-dbfa-40df-8f5/global/firewalls/allow-ssh-dev","source_ranges":["0.0.0.0/0"],"source_service_accounts":null,"source_tags":null,"target_service_accounts":null,"target_tags":null,"timeouts":null},"sensitive_attributes":[],"private":"eyJlMmJmYjczMC1lY2FhLTExZTYtOGY4OC0zNDM2M2JjN2M0YzAiOnsiY3JlYXRlIjoxMjAwMDAwMDAwMDAwLCJkZWxldGUiOjEyMDAwMDAwMDAwMDAsInVwZGF0ZSI6MTIwMDAwMDAwMDAwMH0sInNjaGVtYV92ZXJzaW9uIjoiMSJ9","dependencies":["module.gke.google_compute_network.vpc_network"]}]},{"module":"module.gke","mode":"managed","type":"google_compute_network","name":"vpc_network","provider":"provider[\"registry.opentofu.org/hashicorp/google\"]","instances":[{"schema_version":0,"attributes":{"auto_create_subnetworks":false,"delete_default_routes_on_create":false,"description":"","enable_ula_internal_ipv6":false,"gateway_ipv4":"","id":"projects/project-4530f220-dbfa-40df-8f5/global/networks/gke-vpc-dev","internal_ipv6_range":"","mtu":1460,"name":"gke-vpc-dev","network_firewall_policy_enforcement_order":"AFTER_CLASSIC_FIREWALL","numeric_id":"2861591392186891704","project":"project-4530f220-dbfa-40df-8f5","routing_mode":"REGIONAL","self_link":"https://www.googleapis.com/compute/v1/projects/project-4530f220-dbfa-40df-8f5/global/networks/gke-vpc-dev","timeouts":null},"sensitive_attributes":[],"private":"eyJlMmJmYjczMC1lY2FhLTExZTYtOGY4OC0zNDM2M2JjN2M0YzAiOnsiY3JlYXRlIjoxMjAwMDAwMDAwMDAwLCJkZWxldGUiOjEyMDAwMDAwMDAwMDAsInVwZGF0ZSI6MTIwMDAwMDAwMDAwMH19"}]},{"module":"module.gke","mode":"managed","type":"google_compute_router","name":"router","provider":"provider[\"registry.opentofu.org/hashicorp/google\"]","instances":[{"schema_version":0,"attributes":{"bgp":[],"creation_timestamp":"2025-12-03T15:10:38.007-08:00","description":"","encrypted_interconnect_router":false,"id":"projects/project-4530f220-dbfa-40df-8f5/regions/us-central1/routers/gke-router-dev","name":"gke-router-dev","network":"https://www.googleapis.com/compute/v1/projects/project-4530f220-dbfa-40df-8f5/global/networks/gke-vpc-dev","project":"project-4530f220-dbfa-40df-8f5","region":"us-central1","self_link":"https://www.googleapis.com/compute/v1/projects/project-4530f220-dbfa-40df-8f5/regions/us-central1/routers/gke-router-dev","timeouts":null},"sensitive_attributes":[],"private":"eyJlMmJmYjczMC1lY2FhLTExZTYtOGY4OC0zNDM2M2JjN2M0YzAiOnsiY3JlYXRlIjoxMjAwMDAwMDAwMDAwLCJkZWxldGUiOjEyMDAwMDAwMDAwMDAsInVwZGF0ZSI6MTIwMDAwMDAwMDAwMH19","dependencies":["module.gke.google_compute_network.vpc_network"]}]},{"module":"module.gke","mode":"managed","type":"google_compute_router","name":"router-nat","provider":"provider[\"registry.opentofu.org/hashicorp/google\"]","instances":[{"schema_version":0,"attributes":{"bgp":[],"creation_timestamp":"2025-12-03T15:10:38.283-08:00","description":"","encrypted_interconnect_router":false,"id":"projects/project-4530f220-dbfa-40df-8f5/regions/us-central1/routers/gke-router-nat-dev","name":"gke-router-nat-dev","network":"https://www.googleapis.com/compute/v1/projects/project-4530f220-dbfa-40df-8f5/global/networks/gke-vpc-dev","project":"project-4530f220-dbfa-40df-8f5","region":"us-central1","self_link":"https://www.googleapis.com/compute/v1/projects/project-4530f220-dbfa-40df-8f5/regions/us-central1/routers/gke-router-nat-dev","timeouts":null},"sensitive_attributes":[],"private":"eyJlMmJmYjczMC1lY2FhLTExZTYtOGY4OC0zNDM2M2JjN2M0YzAiOnsiY3JlYXRlIjoxMjAwMDAwMDAwMDAwLCJkZWxldGUiOjEyMDAwMDAwMDAwMDAsInVwZGF0ZSI6MTIwMDAwMDAwMDAwMH19","dependencies":["module.gke.google_compute_network.vpc_network"]}]},{"module":"module.gke","mode":"managed","type":"google_compute_subnetwork","name":"private","provider":"provider[\"registry.opentofu.org/hashicorp/google\"]","instances":[{"schema_version":0,"attributes":{"creation_timestamp":"2025-12-03T15:10:38.273-08:00","description":"","external_ipv6_prefix":"","fingerprint":null,"gateway_address":"10.0.0.1","id":"projects/project-4530f220-dbfa-40df-8f5/regions/us-central1/subnetworks/gke-private-subnet-dev","internal_ipv6_prefix":"","ip_cidr_range":"10.0.0.0/18","ipv6_access_type":"","ipv6_cidr_range":"","log_config":[],"name":"gke-private-subnet-dev","network":"https://www.googleapis.com/compute/v1/projects/project-4530f220-dbfa-40df-8f5/global/networks/gke-vpc-dev","private_ip_google_access":true,"private_ipv6_google_access":"DISABLE_GOOGLE_ACCESS","project":"project-4530f220-dbfa-40df-8f5","purpose":"PRIVATE","region":"us-central1","role":"","secondary_ip_range":[{"ip_cidr_range":"10.28.0.0/14","range_name":"pods-ip-range"},{"ip_cidr_range":"10.32.0.0/20","range_name":"services-ip-range"}],"self_link":"https://www.googleapis.com/compute/v1/projects/project-4530f220-dbfa-40df-8f5/regions/us-central1/subnetworks/gke-private-subnet-dev","send_secondary_ip_range_if_empty":null,"stack_type":"IPV4_ONLY","timeouts":null},"sensitive_attributes":[],"private":"eyJlMmJmYjczMC1lY2FhLTExZTYtOGY4OC0zNDM2M2JjN2M0YzAiOnsiY3JlYXRlIjoxMjAwMDAwMDAwMDAwLCJkZWxldGUiOjEyMDAwMDAwMDAwMDAsInVwZGF0ZSI6MTIwMDAwMDAwMDAwMH19","dependencies":["module.gke.google_compute_network.vpc_network"]}]},{"module":"module.gke","mode":"managed","type":"google_service_account","name":"kubernetes","provider":"provider[\"registry.opentofu.org/hashicorp/google\"]","instances":[{"schema_version":0,"attributes":{"account_id":"kubernetes","create_ignore_already_exists":null,"description":"","disabled":false,"display_name":"","email":"kubernetes@project-4530f220-dbfa-40df-8f5.iam.gserviceaccount.com","id":"projects/project-4530f220-dbfa-40df-8f5/serviceAccounts/kubernetes@project-4530f220-dbfa-40df-8f5.iam.gserviceaccount.com","member":"serviceAccount:kubernetes@project-4530f220-dbfa-40df-8f5.iam.gserviceaccount.com","name":"projects/project-4530f220-dbfa-40df-8f5/serviceAccounts/kubernetes@project-4530f220-dbfa-40df-8f5.iam.gserviceaccount.com","project":"project-4530f220-dbfa-40df-8f5","timeouts":null,"unique_id":"100886131315995133146"},"sensitive_attributes":[],"private":"eyJlMmJmYjczMC1lY2FhLTExZTYtOGY4OC0zNDM2M2JjN2M0YzAiOnsiY3JlYXRlIjozMDAwMDAwMDAwMDB9fQ=="}]}],"check_results":null}
